// !$*UTF8*$!
{
	archiveVersion = 1;
	classes = {
	};
	objectVersion = 56;
	objects = {

/* Begin PBXBuildFile section */
		1F25D4D02BD44494001B5996 /* UpdateProductViewController.swift in Sources */ = {isa = PBXBuildFile; fileRef = 1F25D4CF2BD44494001B5996 /* UpdateProductViewController.swift */; };
		1F25D4D22BD44AF6001B5996 /* CompanyDetailViewController.swift in Sources */ = {isa = PBXBuildFile; fileRef = 1F25D4D12BD44AF6001B5996 /* CompanyDetailViewController.swift */; };
		1F25D4D42BD44B15001B5996 /* AddCompInfoViewController.swift in Sources */ = {isa = PBXBuildFile; fileRef = 1F25D4D32BD44B15001B5996 /* AddCompInfoViewController.swift */; };
		1F25D4D62BD44B26001B5996 /* AddCompAddressViewController.swift in Sources */ = {isa = PBXBuildFile; fileRef = 1F25D4D52BD44B26001B5996 /* AddCompAddressViewController.swift */; };
		1F25D4D82BD44B34001B5996 /* AddCompBankViewController.swift in Sources */ = {isa = PBXBuildFile; fileRef = 1F25D4D72BD44B34001B5996 /* AddCompBankViewController.swift */; };
		1F25D4DB2BD44B64001B5996 /* UpdateCompInfoViewController.swift in Sources */ = {isa = PBXBuildFile; fileRef = 1F25D4DA2BD44B64001B5996 /* UpdateCompInfoViewController.swift */; };
		1F25D4DD2BD44B70001B5996 /* UpdateCompAddressViewController.swift in Sources */ = {isa = PBXBuildFile; fileRef = 1F25D4DC2BD44B70001B5996 /* UpdateCompAddressViewController.swift */; };
		1F25D4DF2BD44B7D001B5996 /* UpdateCompBankViewController.swift in Sources */ = {isa = PBXBuildFile; fileRef = 1F25D4DE2BD44B7D001B5996 /* UpdateCompBankViewController.swift */; };
		1F3BE4512BCD1818009D8C35 /* LoginPageViewController.swift in Sources */ = {isa = PBXBuildFile; fileRef = 1F3BE4502BCD1818009D8C35 /* LoginPageViewController.swift */; };
		1F3BE4532BCD1854009D8C35 /* HomePageViewController.swift in Sources */ = {isa = PBXBuildFile; fileRef = 1F3BE4522BCD1854009D8C35 /* HomePageViewController.swift */; };
		1F3BE4642BCD1FB5009D8C35 /* ShopViewController.swift in Sources */ = {isa = PBXBuildFile; fileRef = 1F3BE4632BCD1FB5009D8C35 /* ShopViewController.swift */; };
		1F3BE4662BCD5CE8009D8C35 /* SettingViewController.swift in Sources */ = {isa = PBXBuildFile; fileRef = 1F3BE4652BCD5CE8009D8C35 /* SettingViewController.swift */; };
		1F51CF662BDFB99500E724DB /* PurchaseTransactionsViewController.swift in Sources */ = {isa = PBXBuildFile; fileRef = 1F51CF652BDFB99500E724DB /* PurchaseTransactionsViewController.swift */; };
		1F51CF682BDFB9AB00E724DB /* SalesTransactionsViewController.swift in Sources */ = {isa = PBXBuildFile; fileRef = 1F51CF672BDFB9AB00E724DB /* SalesTransactionsViewController.swift */; };
		1F51CF6A2BDFB9B900E724DB /* SalesResultsViewController.swift in Sources */ = {isa = PBXBuildFile; fileRef = 1F51CF692BDFB9B900E724DB /* SalesResultsViewController.swift */; };
		1F51CF6D2BDFBA0000E724DB /* AddSalesResultsViewController.swift in Sources */ = {isa = PBXBuildFile; fileRef = 1F51CF6C2BDFBA0000E724DB /* AddSalesResultsViewController.swift */; };
		1F51CF6F2BDFBA1100E724DB /* UpdateSalesResultsViewController.swift in Sources */ = {isa = PBXBuildFile; fileRef = 1F51CF6E2BDFBA1100E724DB /* UpdateSalesResultsViewController.swift */; };
		1F51CF722BDFBA3600E724DB /* AddPurchaseTransactionsViewController.swift in Sources */ = {isa = PBXBuildFile; fileRef = 1F51CF712BDFBA3600E724DB /* AddPurchaseTransactionsViewController.swift */; };
		1F51CF742BDFBA4600E724DB /* UpdatePurchaseTransactionsViewController.swift in Sources */ = {isa = PBXBuildFile; fileRef = 1F51CF732BDFBA4600E724DB /* UpdatePurchaseTransactionsViewController.swift */; };
		1F51CF772BDFBCA500E724DB /* Purchase.swift in Sources */ = {isa = PBXBuildFile; fileRef = 1F51CF762BDFBCA500E724DB /* Purchase.swift */; };
		1F64FEB12BCC66B300B96BB3 /* AppDelegate.swift in Sources */ = {isa = PBXBuildFile; fileRef = 1F64FEB02BCC66B300B96BB3 /* AppDelegate.swift */; };
		1F64FEB32BCC66B300B96BB3 /* SceneDelegate.swift in Sources */ = {isa = PBXBuildFile; fileRef = 1F64FEB22BCC66B300B96BB3 /* SceneDelegate.swift */; };
		1F64FEB52BCC66B300B96BB3 /* ViewController.swift in Sources */ = {isa = PBXBuildFile; fileRef = 1F64FEB42BCC66B300B96BB3 /* ViewController.swift */; };
		1F64FEBA2BCC66B400B96BB3 /* Assets.xcassets in Resources */ = {isa = PBXBuildFile; fileRef = 1F64FEB92BCC66B400B96BB3 /* Assets.xcassets */; };
		1F64FEBD2BCC66B400B96BB3 /* Base in Resources */ = {isa = PBXBuildFile; fileRef = 1F64FEBC2BCC66B400B96BB3 /* Base */; };
		1F64FEC62BCC68ED00B96BB3 /* Alamofire in Frameworks */ = {isa = PBXBuildFile; productRef = 1F64FEC52BCC68ED00B96BB3 /* Alamofire */; };
		1F7436992BCE992B00D9F813 /* ProductViewController.swift in Sources */ = {isa = PBXBuildFile; fileRef = 1F7436982BCE992B00D9F813 /* ProductViewController.swift */; };
		1F74369B2BCE9C6300D9F813 /* CompanyViewController.swift in Sources */ = {isa = PBXBuildFile; fileRef = 1F74369A2BCE9C6300D9F813 /* CompanyViewController.swift */; };
		1F74369E2BCE9D2C00D9F813 /* ProductTableViewCell.swift in Sources */ = {isa = PBXBuildFile; fileRef = 1F74369D2BCE9D2C00D9F813 /* ProductTableViewCell.swift */; };
		1F7436A02BCEB96800D9F813 /* Product.swift in Sources */ = {isa = PBXBuildFile; fileRef = 1F74369F2BCEB96800D9F813 /* Product.swift */; };
		1F7436A22BCEB9E600D9F813 /* Company.swift in Sources */ = {isa = PBXBuildFile; fileRef = 1F7436A12BCEB9E600D9F813 /* Company.swift */; };
		1F7D2B322BD29DA600E86A5E /* Constants.swift in Sources */ = {isa = PBXBuildFile; fileRef = 1F7D2B312BD29DA600E86A5E /* Constants.swift */; };
		1F7D2B342BD2A26800E86A5E /* AddProductViewController.swift in Sources */ = {isa = PBXBuildFile; fileRef = 1F7D2B332BD2A26800E86A5E /* AddProductViewController.swift */; };
		1FB7EA3E2BD14EF300C0F61E /* CompanyTableViewCell.swift in Sources */ = {isa = PBXBuildFile; fileRef = 1FB7EA3D2BD14EF300C0F61E /* CompanyTableViewCell.swift */; };
		1FDA17EA2BDFBD3600257A29 /* Sale.swift in Sources */ = {isa = PBXBuildFile; fileRef = 1FDA17E92BDFBD3600257A29 /* Sale.swift */; };
		1FDA17EC2BDFBD5E00257A29 /* Shop.swift in Sources */ = {isa = PBXBuildFile; fileRef = 1FDA17EB2BDFBD5E00257A29 /* Shop.swift */; };
		1FDA17EE2BDFBD8D00257A29 /* Province.swift in Sources */ = {isa = PBXBuildFile; fileRef = 1FDA17ED2BDFBD8D00257A29 /* Province.swift */; };
		1FDA17F02BDFBDA400257A29 /* District.swift in Sources */ = {isa = PBXBuildFile; fileRef = 1FDA17EF2BDFBDA400257A29 /* District.swift */; };
		1FDA17F22BDFD9B000257A29 /* PurchaseTableViewCell.swift in Sources */ = {isa = PBXBuildFile; fileRef = 1FDA17F12BDFD9B000257A29 /* PurchaseTableViewCell.swift */; };
		5EF36CE240880B172C009C7A /* Pods_Bir_Esnaf_MVVM.framework in Frameworks */ = {isa = PBXBuildFile; fileRef = EFAE2EA558C666FBE7FAC612 /* Pods_Bir_Esnaf_MVVM.framework */; };
/* End PBXBuildFile section */

/* Begin PBXFileReference section */
		1F25D4CF2BD44494001B5996 /* UpdateProductViewController.swift */ = {isa = PBXFileReference; lastKnownFileType = sourcecode.swift; path = UpdateProductViewController.swift; sourceTree = "<group>"; };
		1F25D4D12BD44AF6001B5996 /* CompanyDetailViewController.swift */ = {isa = PBXFileReference; lastKnownFileType = sourcecode.swift; path = CompanyDetailViewController.swift; sourceTree = "<group>"; };
		1F25D4D32BD44B15001B5996 /* AddCompInfoViewController.swift */ = {isa = PBXFileReference; lastKnownFileType = sourcecode.swift; path = AddCompInfoViewController.swift; sourceTree = "<group>"; };
		1F25D4D52BD44B26001B5996 /* AddCompAddressViewController.swift */ = {isa = PBXFileReference; lastKnownFileType = sourcecode.swift; path = AddCompAddressViewController.swift; sourceTree = "<group>"; };
		1F25D4D72BD44B34001B5996 /* AddCompBankViewController.swift */ = {isa = PBXFileReference; lastKnownFileType = sourcecode.swift; path = AddCompBankViewController.swift; sourceTree = "<group>"; };
		1F25D4DA2BD44B64001B5996 /* UpdateCompInfoViewController.swift */ = {isa = PBXFileReference; lastKnownFileType = sourcecode.swift; path = UpdateCompInfoViewController.swift; sourceTree = "<group>"; };
		1F25D4DC2BD44B70001B5996 /* UpdateCompAddressViewController.swift */ = {isa = PBXFileReference; lastKnownFileType = sourcecode.swift; path = UpdateCompAddressViewController.swift; sourceTree = "<group>"; };
		1F25D4DE2BD44B7D001B5996 /* UpdateCompBankViewController.swift */ = {isa = PBXFileReference; lastKnownFileType = sourcecode.swift; path = UpdateCompBankViewController.swift; sourceTree = "<group>"; };
		1F3BE4502BCD1818009D8C35 /* LoginPageViewController.swift */ = {isa = PBXFileReference; lastKnownFileType = sourcecode.swift; path = LoginPageViewController.swift; sourceTree = "<group>"; };
		1F3BE4522BCD1854009D8C35 /* HomePageViewController.swift */ = {isa = PBXFileReference; lastKnownFileType = sourcecode.swift; path = HomePageViewController.swift; sourceTree = "<group>"; };
		1F3BE4632BCD1FB5009D8C35 /* ShopViewController.swift */ = {isa = PBXFileReference; lastKnownFileType = sourcecode.swift; path = ShopViewController.swift; sourceTree = "<group>"; };
		1F3BE4652BCD5CE8009D8C35 /* SettingViewController.swift */ = {isa = PBXFileReference; lastKnownFileType = sourcecode.swift; path = SettingViewController.swift; sourceTree = "<group>"; };
		1F51CF652BDFB99500E724DB /* PurchaseTransactionsViewController.swift */ = {isa = PBXFileReference; lastKnownFileType = sourcecode.swift; path = PurchaseTransactionsViewController.swift; sourceTree = "<group>"; };
		1F51CF672BDFB9AB00E724DB /* SalesTransactionsViewController.swift */ = {isa = PBXFileReference; lastKnownFileType = sourcecode.swift; path = SalesTransactionsViewController.swift; sourceTree = "<group>"; };
		1F51CF692BDFB9B900E724DB /* SalesResultsViewController.swift */ = {isa = PBXFileReference; lastKnownFileType = sourcecode.swift; path = SalesResultsViewController.swift; sourceTree = "<group>"; };
		1F51CF6C2BDFBA0000E724DB /* AddSalesResultsViewController.swift */ = {isa = PBXFileReference; lastKnownFileType = sourcecode.swift; path = AddSalesResultsViewController.swift; sourceTree = "<group>"; };
		1F51CF6E2BDFBA1100E724DB /* UpdateSalesResultsViewController.swift */ = {isa = PBXFileReference; lastKnownFileType = sourcecode.swift; path = UpdateSalesResultsViewController.swift; sourceTree = "<group>"; };
		1F51CF712BDFBA3600E724DB /* AddPurchaseTransactionsViewController.swift */ = {isa = PBXFileReference; lastKnownFileType = sourcecode.swift; path = AddPurchaseTransactionsViewController.swift; sourceTree = "<group>"; };
		1F51CF732BDFBA4600E724DB /* UpdatePurchaseTransactionsViewController.swift */ = {isa = PBXFileReference; lastKnownFileType = sourcecode.swift; path = UpdatePurchaseTransactionsViewController.swift; sourceTree = "<group>"; };
		1F51CF762BDFBCA500E724DB /* Purchase.swift */ = {isa = PBXFileReference; lastKnownFileType = sourcecode.swift; path = Purchase.swift; sourceTree = "<group>"; };
		1F64FEAD2BCC66B300B96BB3 /* Bir Esnaf MVVM.app */ = {isa = PBXFileReference; explicitFileType = wrapper.application; includeInIndex = 0; path = "Bir Esnaf MVVM.app"; sourceTree = BUILT_PRODUCTS_DIR; };
		1F64FEB02BCC66B300B96BB3 /* AppDelegate.swift */ = {isa = PBXFileReference; lastKnownFileType = sourcecode.swift; path = AppDelegate.swift; sourceTree = "<group>"; };
		1F64FEB22BCC66B300B96BB3 /* SceneDelegate.swift */ = {isa = PBXFileReference; lastKnownFileType = sourcecode.swift; path = SceneDelegate.swift; sourceTree = "<group>"; };
		1F64FEB42BCC66B300B96BB3 /* ViewController.swift */ = {isa = PBXFileReference; lastKnownFileType = sourcecode.swift; path = ViewController.swift; sourceTree = "<group>"; };
		1F64FEB92BCC66B400B96BB3 /* Assets.xcassets */ = {isa = PBXFileReference; lastKnownFileType = folder.assetcatalog; path = Assets.xcassets; sourceTree = "<group>"; };
		1F64FEBC2BCC66B400B96BB3 /* Base */ = {isa = PBXFileReference; lastKnownFileType = file.storyboard; name = Base; path = Base.lproj/LaunchScreen.storyboard; sourceTree = "<group>"; };
		1F64FEBE2BCC66B400B96BB3 /* Info.plist */ = {isa = PBXFileReference; lastKnownFileType = text.plist.xml; path = Info.plist; sourceTree = "<group>"; };
		1F7436982BCE992B00D9F813 /* ProductViewController.swift */ = {isa = PBXFileReference; lastKnownFileType = sourcecode.swift; path = ProductViewController.swift; sourceTree = "<group>"; };
		1F74369A2BCE9C6300D9F813 /* CompanyViewController.swift */ = {isa = PBXFileReference; lastKnownFileType = sourcecode.swift; path = CompanyViewController.swift; sourceTree = "<group>"; };
		1F74369D2BCE9D2C00D9F813 /* ProductTableViewCell.swift */ = {isa = PBXFileReference; lastKnownFileType = sourcecode.swift; path = ProductTableViewCell.swift; sourceTree = "<group>"; };
		1F74369F2BCEB96800D9F813 /* Product.swift */ = {isa = PBXFileReference; lastKnownFileType = sourcecode.swift; path = Product.swift; sourceTree = "<group>"; };
		1F7436A12BCEB9E600D9F813 /* Company.swift */ = {isa = PBXFileReference; lastKnownFileType = sourcecode.swift; path = Company.swift; sourceTree = "<group>"; };
		1F7D2B312BD29DA600E86A5E /* Constants.swift */ = {isa = PBXFileReference; lastKnownFileType = sourcecode.swift; path = Constants.swift; sourceTree = "<group>"; };
		1F7D2B332BD2A26800E86A5E /* AddProductViewController.swift */ = {isa = PBXFileReference; lastKnownFileType = sourcecode.swift; path = AddProductViewController.swift; sourceTree = "<group>"; };
		1FB7EA3D2BD14EF300C0F61E /* CompanyTableViewCell.swift */ = {isa = PBXFileReference; lastKnownFileType = sourcecode.swift; path = CompanyTableViewCell.swift; sourceTree = "<group>"; };
		1FDA17E92BDFBD3600257A29 /* Sale.swift */ = {isa = PBXFileReference; lastKnownFileType = sourcecode.swift; path = Sale.swift; sourceTree = "<group>"; };
		1FDA17EB2BDFBD5E00257A29 /* Shop.swift */ = {isa = PBXFileReference; lastKnownFileType = sourcecode.swift; path = Shop.swift; sourceTree = "<group>"; };
		1FDA17ED2BDFBD8D00257A29 /* Province.swift */ = {isa = PBXFileReference; lastKnownFileType = sourcecode.swift; path = Province.swift; sourceTree = "<group>"; };
		1FDA17EF2BDFBDA400257A29 /* District.swift */ = {isa = PBXFileReference; lastKnownFileType = sourcecode.swift; path = District.swift; sourceTree = "<group>"; };
		1FDA17F12BDFD9B000257A29 /* PurchaseTableViewCell.swift */ = {isa = PBXFileReference; lastKnownFileType = sourcecode.swift; path = PurchaseTableViewCell.swift; sourceTree = "<group>"; };
		9490B79BCA71BA04AD717D4A /* Pods-Bir Esnaf MVVM.debug.xcconfig */ = {isa = PBXFileReference; includeInIndex = 1; lastKnownFileType = text.xcconfig; name = "Pods-Bir Esnaf MVVM.debug.xcconfig"; path = "Target Support Files/Pods-Bir Esnaf MVVM/Pods-Bir Esnaf MVVM.debug.xcconfig"; sourceTree = "<group>"; };
		D00AC870DBA2CAC1D20476D5 /* Pods-Bir Esnaf MVVM.release.xcconfig */ = {isa = PBXFileReference; includeInIndex = 1; lastKnownFileType = text.xcconfig; name = "Pods-Bir Esnaf MVVM.release.xcconfig"; path = "Target Support Files/Pods-Bir Esnaf MVVM/Pods-Bir Esnaf MVVM.release.xcconfig"; sourceTree = "<group>"; };
		EFAE2EA558C666FBE7FAC612 /* Pods_Bir_Esnaf_MVVM.framework */ = {isa = PBXFileReference; explicitFileType = wrapper.framework; includeInIndex = 0; path = Pods_Bir_Esnaf_MVVM.framework; sourceTree = BUILT_PRODUCTS_DIR; };
/* End PBXFileReference section */

/* Begin PBXFrameworksBuildPhase section */
		1F64FEAA2BCC66B300B96BB3 /* Frameworks */ = {
			isa = PBXFrameworksBuildPhase;
			buildActionMask = 2147483647;
			files = (
				5EF36CE240880B172C009C7A /* Pods_Bir_Esnaf_MVVM.framework in Frameworks */,
				1F64FEC62BCC68ED00B96BB3 /* Alamofire in Frameworks */,
			);
			runOnlyForDeploymentPostprocessing = 0;
		};
/* End PBXFrameworksBuildPhase section */

/* Begin PBXGroup section */
		1F25D4D92BD44B3B001B5996 /* AddCompany */ = {
			isa = PBXGroup;
			children = (
				1F25D4D32BD44B15001B5996 /* AddCompInfoViewController.swift */,
				1F25D4D52BD44B26001B5996 /* AddCompAddressViewController.swift */,
				1F25D4D72BD44B34001B5996 /* AddCompBankViewController.swift */,
			);
			name = AddCompany;
			sourceTree = "<group>";
		};
		1F25D4E02BD44B92001B5996 /* UpdateCompany */ = {
			isa = PBXGroup;
			children = (
				1F25D4DA2BD44B64001B5996 /* UpdateCompInfoViewController.swift */,
				1F25D4DC2BD44B70001B5996 /* UpdateCompAddressViewController.swift */,
				1F25D4DE2BD44B7D001B5996 /* UpdateCompBankViewController.swift */,
			);
			name = UpdateCompany;
			sourceTree = "<group>";
		};
		1F3BE4462BCD008F009D8C35 /* Core */ = {
			isa = PBXGroup;
			children = (
				1F64FEB02BCC66B300B96BB3 /* AppDelegate.swift */,
				1F64FEB42BCC66B300B96BB3 /* ViewController.swift */,
				1F64FEB22BCC66B300B96BB3 /* SceneDelegate.swift */,
				1F64FEB92BCC66B400B96BB3 /* Assets.xcassets */,
			);
			name = Core;
			sourceTree = "<group>";
		};
		1F3BE4472BCD00F1009D8C35 /* Features */ = {
			isa = PBXGroup;
			children = (
				1F3BE4492BCD014C009D8C35 /* BirEsnaf */,
			);
			path = Features;
			sourceTree = "<group>";
		};
		1F3BE4492BCD014C009D8C35 /* BirEsnaf */ = {
			isa = PBXGroup;
			children = (
				1F3BE44D2BCD017C009D8C35 /* Service */,
				1F3BE44C2BCD0176009D8C35 /* Model */,
				1F3BE44B2BCD0168009D8C35 /* ViewModel */,
				1F3BE44A2BCD0161009D8C35 /* View */,
			);
			path = BirEsnaf;
			sourceTree = "<group>";
		};
		1F3BE44A2BCD0161009D8C35 /* View */ = {
			isa = PBXGroup;
			children = (
				1F3BE4502BCD1818009D8C35 /* LoginPageViewController.swift */,
				1F3BE4522BCD1854009D8C35 /* HomePageViewController.swift */,
				1F3BE45C2BCD18EA009D8C35 /* TabBarItem */,
			);
			path = View;
			sourceTree = "<group>";
		};
		1F3BE44B2BCD0168009D8C35 /* ViewModel */ = {
			isa = PBXGroup;
			children = (
			);
			path = ViewModel;
			sourceTree = "<group>";
		};
		1F3BE44C2BCD0176009D8C35 /* Model */ = {
			isa = PBXGroup;
			children = (
				1F74369F2BCEB96800D9F813 /* Product.swift */,
				1F7436A12BCEB9E600D9F813 /* Company.swift */,
				1F51CF762BDFBCA500E724DB /* Purchase.swift */,
				1FDA17E92BDFBD3600257A29 /* Sale.swift */,
				1FDA17EB2BDFBD5E00257A29 /* Shop.swift */,
				1FDA17ED2BDFBD8D00257A29 /* Province.swift */,
				1FDA17EF2BDFBDA400257A29 /* District.swift */,
			);
			path = Model;
			sourceTree = "<group>";
		};
		1F3BE44D2BCD017C009D8C35 /* Service */ = {
			isa = PBXGroup;
			children = (
			);
			path = Service;
			sourceTree = "<group>";
		};
		1F3BE45C2BCD18EA009D8C35 /* TabBarItem */ = {
			isa = PBXGroup;
			children = (
				1F7D2B352BD2A27200E86A5E /* Product */,
				1F7D2B362BD2A31200E86A5E /* Company */,
				1F51CF6B2BDFB9C900E724DB /* Shop */,
				1F3BE4652BCD5CE8009D8C35 /* SettingViewController.swift */,
				1F7D2B312BD29DA600E86A5E /* Constants.swift */,
			);
			path = TabBarItem;
			sourceTree = "<group>";
		};
		1F51CF6B2BDFB9C900E724DB /* Shop */ = {
			isa = PBXGroup;
			children = (
				1F3BE4632BCD1FB5009D8C35 /* ShopViewController.swift */,
				1F51CF752BDFBA5200E724DB /* Purchase */,
				1F51CF702BDFBA1A00E724DB /* Sales */,
				1F51CF692BDFB9B900E724DB /* SalesResultsViewController.swift */,
			);
			name = Shop;
			sourceTree = "<group>";
		};
		1F51CF702BDFBA1A00E724DB /* Sales */ = {
			isa = PBXGroup;
			children = (
				1F51CF672BDFB9AB00E724DB /* SalesTransactionsViewController.swift */,
				1F51CF6E2BDFBA1100E724DB /* UpdateSalesResultsViewController.swift */,
				1F51CF6C2BDFBA0000E724DB /* AddSalesResultsViewController.swift */,
			);
			name = Sales;
			sourceTree = "<group>";
		};
		1F51CF752BDFBA5200E724DB /* Purchase */ = {
			isa = PBXGroup;
			children = (
				1F51CF652BDFB99500E724DB /* PurchaseTransactionsViewController.swift */,
				1F51CF732BDFBA4600E724DB /* UpdatePurchaseTransactionsViewController.swift */,
				1F51CF712BDFBA3600E724DB /* AddPurchaseTransactionsViewController.swift */,
				1FDA17F12BDFD9B000257A29 /* PurchaseTableViewCell.swift */,
			);
			name = Purchase;
			sourceTree = "<group>";
		};
		1F64FEA42BCC66B300B96BB3 = {
			isa = PBXGroup;
			children = (
				1F64FEAF2BCC66B300B96BB3 /* Bir Esnaf MVVM */,
				1F64FEAE2BCC66B300B96BB3 /* Products */,
				2A103B1F489DA2F4ED3F4766 /* Pods */,
				2DBEF54FFCBE85CA43F63C04 /* Frameworks */,
			);
			sourceTree = "<group>";
		};
		1F64FEAE2BCC66B300B96BB3 /* Products */ = {
			isa = PBXGroup;
			children = (
				1F64FEAD2BCC66B300B96BB3 /* Bir Esnaf MVVM.app */,
			);
			name = Products;
			sourceTree = "<group>";
		};
		1F64FEAF2BCC66B300B96BB3 /* Bir Esnaf MVVM */ = {
			isa = PBXGroup;
			children = (
				1F3BE4472BCD00F1009D8C35 /* Features */,
				1F3BE4462BCD008F009D8C35 /* Core */,
				1F64FEBB2BCC66B400B96BB3 /* LaunchScreen.storyboard */,
				1F64FEBE2BCC66B400B96BB3 /* Info.plist */,
			);
			path = "Bir Esnaf MVVM";
			sourceTree = "<group>";
		};
		1F7D2B352BD2A27200E86A5E /* Product */ = {
			isa = PBXGroup;
			children = (
				1F7436982BCE992B00D9F813 /* ProductViewController.swift */,
				1F74369D2BCE9D2C00D9F813 /* ProductTableViewCell.swift */,
				1F7D2B332BD2A26800E86A5E /* AddProductViewController.swift */,
				1F25D4CF2BD44494001B5996 /* UpdateProductViewController.swift */,
			);
			name = Product;
			sourceTree = "<group>";
		};
		1F7D2B362BD2A31200E86A5E /* Company */ = {
			isa = PBXGroup;
			children = (
				1F74369A2BCE9C6300D9F813 /* CompanyViewController.swift */,
				1FB7EA3D2BD14EF300C0F61E /* CompanyTableViewCell.swift */,
				1F25D4D12BD44AF6001B5996 /* CompanyDetailViewController.swift */,
				1F25D4D92BD44B3B001B5996 /* AddCompany */,
				1F25D4E02BD44B92001B5996 /* UpdateCompany */,
			);
			name = Company;
			sourceTree = "<group>";
		};
		2A103B1F489DA2F4ED3F4766 /* Pods */ = {
			isa = PBXGroup;
			children = (
				9490B79BCA71BA04AD717D4A /* Pods-Bir Esnaf MVVM.debug.xcconfig */,
				D00AC870DBA2CAC1D20476D5 /* Pods-Bir Esnaf MVVM.release.xcconfig */,
			);
			path = Pods;
			sourceTree = "<group>";
		};
		2DBEF54FFCBE85CA43F63C04 /* Frameworks */ = {
			isa = PBXGroup;
			children = (
				EFAE2EA558C666FBE7FAC612 /* Pods_Bir_Esnaf_MVVM.framework */,
			);
			name = Frameworks;
			sourceTree = "<group>";
		};
/* End PBXGroup section */

/* Begin PBXNativeTarget section */
		1F64FEAC2BCC66B300B96BB3 /* Bir Esnaf MVVM */ = {
			isa = PBXNativeTarget;
			buildConfigurationList = 1F64FEC12BCC66B400B96BB3 /* Build configuration list for PBXNativeTarget "Bir Esnaf MVVM" */;
			buildPhases = (
				9484E158D6130121701D3690 /* [CP] Check Pods Manifest.lock */,
				1F64FEA92BCC66B300B96BB3 /* Sources */,
				1F64FEAA2BCC66B300B96BB3 /* Frameworks */,
				1F64FEAB2BCC66B300B96BB3 /* Resources */,
				33B4174B29D5958BD329129D /* [CP] Embed Pods Frameworks */,
			);
			buildRules = (
			);
			dependencies = (
			);
			name = "Bir Esnaf MVVM";
			packageProductDependencies = (
				1F64FEC52BCC68ED00B96BB3 /* Alamofire */,
			);
			productName = "Bir Esnaf MVVM";
			productReference = 1F64FEAD2BCC66B300B96BB3 /* Bir Esnaf MVVM.app */;
			productType = "com.apple.product-type.application";
		};
/* End PBXNativeTarget section */

/* Begin PBXProject section */
		1F64FEA52BCC66B300B96BB3 /* Project object */ = {
			isa = PBXProject;
			attributes = {
				BuildIndependentTargetsInParallel = 1;
				LastSwiftUpdateCheck = 1530;
				LastUpgradeCheck = 1530;
				TargetAttributes = {
					1F64FEAC2BCC66B300B96BB3 = {
						CreatedOnToolsVersion = 15.3;
					};
				};
			};
			buildConfigurationList = 1F64FEA82BCC66B300B96BB3 /* Build configuration list for PBXProject "Bir Esnaf MVVM" */;
			compatibilityVersion = "Xcode 14.0";
			developmentRegion = en;
			hasScannedForEncodings = 0;
			knownRegions = (
				en,
				Base,
			);
			mainGroup = 1F64FEA42BCC66B300B96BB3;
			packageReferences = (
				1F64FEC42BCC68ED00B96BB3 /* XCRemoteSwiftPackageReference "Alamofire" */,
			);
			productRefGroup = 1F64FEAE2BCC66B300B96BB3 /* Products */;
			projectDirPath = "";
			projectRoot = "";
			targets = (
				1F64FEAC2BCC66B300B96BB3 /* Bir Esnaf MVVM */,
			);
		};
/* End PBXProject section */

/* Begin PBXResourcesBuildPhase section */
		1F64FEAB2BCC66B300B96BB3 /* Resources */ = {
			isa = PBXResourcesBuildPhase;
			buildActionMask = 2147483647;
			files = (
				1F64FEBA2BCC66B400B96BB3 /* Assets.xcassets in Resources */,
				1F64FEBD2BCC66B400B96BB3 /* Base in Resources */,
			);
			runOnlyForDeploymentPostprocessing = 0;
		};
/* End PBXResourcesBuildPhase section */

/* Begin PBXShellScriptBuildPhase section */
		33B4174B29D5958BD329129D /* [CP] Embed Pods Frameworks */ = {
			isa = PBXShellScriptBuildPhase;
			buildActionMask = 2147483647;
			files = (
			);
			inputFileListPaths = (
				"${PODS_ROOT}/Target Support Files/Pods-Bir Esnaf MVVM/Pods-Bir Esnaf MVVM-frameworks-${CONFIGURATION}-input-files.xcfilelist",
			);
			name = "[CP] Embed Pods Frameworks";
			outputFileListPaths = (
				"${PODS_ROOT}/Target Support Files/Pods-Bir Esnaf MVVM/Pods-Bir Esnaf MVVM-frameworks-${CONFIGURATION}-output-files.xcfilelist",
			);
			runOnlyForDeploymentPostprocessing = 0;
			shellPath = /bin/sh;
			shellScript = "\"${PODS_ROOT}/Target Support Files/Pods-Bir Esnaf MVVM/Pods-Bir Esnaf MVVM-frameworks.sh\"\n";
			showEnvVarsInLog = 0;
		};
		9484E158D6130121701D3690 /* [CP] Check Pods Manifest.lock */ = {
			isa = PBXShellScriptBuildPhase;
			buildActionMask = 2147483647;
			files = (
			);
			inputFileListPaths = (
			);
			inputPaths = (
				"${PODS_PODFILE_DIR_PATH}/Podfile.lock",
				"${PODS_ROOT}/Manifest.lock",
			);
			name = "[CP] Check Pods Manifest.lock";
			outputFileListPaths = (
			);
			outputPaths = (
				"$(DERIVED_FILE_DIR)/Pods-Bir Esnaf MVVM-checkManifestLockResult.txt",
			);
			runOnlyForDeploymentPostprocessing = 0;
			shellPath = /bin/sh;
			shellScript = "diff \"${PODS_PODFILE_DIR_PATH}/Podfile.lock\" \"${PODS_ROOT}/Manifest.lock\" > /dev/null\nif [ $? != 0 ] ; then\n    # print error to STDERR\n    echo \"error: The sandbox is not in sync with the Podfile.lock. Run 'pod install' or update your CocoaPods installation.\" >&2\n    exit 1\nfi\n# This output is used by Xcode 'outputs' to avoid re-running this script phase.\necho \"SUCCESS\" > \"${SCRIPT_OUTPUT_FILE_0}\"\n";
			showEnvVarsInLog = 0;
		};
/* End PBXShellScriptBuildPhase section */

/* Begin PBXSourcesBuildPhase section */
		1F64FEA92BCC66B300B96BB3 /* Sources */ = {
			isa = PBXSourcesBuildPhase;
			buildActionMask = 2147483647;
			files = (
				1F25D4D22BD44AF6001B5996 /* CompanyDetailViewController.swift in Sources */,
				1F51CF6F2BDFBA1100E724DB /* UpdateSalesResultsViewController.swift in Sources */,
				1F25D4DD2BD44B70001B5996 /* UpdateCompAddressViewController.swift in Sources */,
				1FDA17EC2BDFBD5E00257A29 /* Shop.swift in Sources */,
				1F64FEB52BCC66B300B96BB3 /* ViewController.swift in Sources */,
				1F3BE4642BCD1FB5009D8C35 /* ShopViewController.swift in Sources */,
				1F7D2B342BD2A26800E86A5E /* AddProductViewController.swift in Sources */,
				1F64FEB12BCC66B300B96BB3 /* AppDelegate.swift in Sources */,
				1F25D4D82BD44B34001B5996 /* AddCompBankViewController.swift in Sources */,
				1F3BE4512BCD1818009D8C35 /* LoginPageViewController.swift in Sources */,
				1F51CF772BDFBCA500E724DB /* Purchase.swift in Sources */,
				1FDA17EA2BDFBD3600257A29 /* Sale.swift in Sources */,
				1F74369E2BCE9D2C00D9F813 /* ProductTableViewCell.swift in Sources */,
				1F7436A02BCEB96800D9F813 /* Product.swift in Sources */,
				1F74369B2BCE9C6300D9F813 /* CompanyViewController.swift in Sources */,
				1FB7EA3E2BD14EF300C0F61E /* CompanyTableViewCell.swift in Sources */,
				1FDA17F22BDFD9B000257A29 /* PurchaseTableViewCell.swift in Sources */,
				1F3BE4662BCD5CE8009D8C35 /* SettingViewController.swift in Sources */,
				1F3BE4532BCD1854009D8C35 /* HomePageViewController.swift in Sources */,
				1F51CF662BDFB99500E724DB /* PurchaseTransactionsViewController.swift in Sources */,
				1F7436992BCE992B00D9F813 /* ProductViewController.swift in Sources */,
				1F51CF742BDFBA4600E724DB /* UpdatePurchaseTransactionsViewController.swift in Sources */,
				1F25D4DB2BD44B64001B5996 /* UpdateCompInfoViewController.swift in Sources */,
				1F7D2B322BD29DA600E86A5E /* Constants.swift in Sources */,
				1F51CF6D2BDFBA0000E724DB /* AddSalesResultsViewController.swift in Sources */,
				1F51CF6A2BDFB9B900E724DB /* SalesResultsViewController.swift in Sources */,
				1F51CF722BDFBA3600E724DB /* AddPurchaseTransactionsViewController.swift in Sources */,
				1F51CF682BDFB9AB00E724DB /* SalesTransactionsViewController.swift in Sources */,
				1F25D4D02BD44494001B5996 /* UpdateProductViewController.swift in Sources */,
				1F25D4D62BD44B26001B5996 /* AddCompAddressViewController.swift in Sources */,
				1F7436A22BCEB9E600D9F813 /* Company.swift in Sources */,
				1F64FEB32BCC66B300B96BB3 /* SceneDelegate.swift in Sources */,
				1FDA17F02BDFBDA400257A29 /* District.swift in Sources */,
				1FDA17EE2BDFBD8D00257A29 /* Province.swift in Sources */,
				1F25D4D42BD44B15001B5996 /* AddCompInfoViewController.swift in Sources */,
				1F25D4DF2BD44B7D001B5996 /* UpdateCompBankViewController.swift in Sources */,
			);
			runOnlyForDeploymentPostprocessing = 0;
		};
/* End PBXSourcesBuildPhase section */

/* Begin PBXVariantGroup section */
		1F64FEBB2BCC66B400B96BB3 /* LaunchScreen.storyboard */ = {
			isa = PBXVariantGroup;
			children = (
				1F64FEBC2BCC66B400B96BB3 /* Base */,
			);
			name = LaunchScreen.storyboard;
			sourceTree = "<group>";
		};
/* End PBXVariantGroup section */

/* Begin XCBuildConfiguration section */
		1F64FEBF2BCC66B400B96BB3 /* Debug */ = {
			isa = XCBuildConfiguration;
			buildSettings = {
				ALWAYS_SEARCH_USER_PATHS = NO;
				ASSETCATALOG_COMPILER_GENERATE_SWIFT_ASSET_SYMBOL_EXTENSIONS = YES;
				CLANG_ANALYZER_NONNULL = YES;
				CLANG_ANALYZER_NUMBER_OBJECT_CONVERSION = YES_AGGRESSIVE;
				CLANG_CXX_LANGUAGE_STANDARD = "gnu++20";
				CLANG_ENABLE_MODULES = YES;
				CLANG_ENABLE_OBJC_ARC = YES;
				CLANG_ENABLE_OBJC_WEAK = YES;
				CLANG_WARN_BLOCK_CAPTURE_AUTORELEASING = YES;
				CLANG_WARN_BOOL_CONVERSION = YES;
				CLANG_WARN_COMMA = YES;
				CLANG_WARN_CONSTANT_CONVERSION = YES;
				CLANG_WARN_DEPRECATED_OBJC_IMPLEMENTATIONS = YES;
				CLANG_WARN_DIRECT_OBJC_ISA_USAGE = YES_ERROR;
				CLANG_WARN_DOCUMENTATION_COMMENTS = YES;
				CLANG_WARN_EMPTY_BODY = YES;
				CLANG_WARN_ENUM_CONVERSION = YES;
				CLANG_WARN_INFINITE_RECURSION = YES;
				CLANG_WARN_INT_CONVERSION = YES;
				CLANG_WARN_NON_LITERAL_NULL_CONVERSION = YES;
				CLANG_WARN_OBJC_IMPLICIT_RETAIN_SELF = YES;
				CLANG_WARN_OBJC_LITERAL_CONVERSION = YES;
				CLANG_WARN_OBJC_ROOT_CLASS = YES_ERROR;
				CLANG_WARN_QUOTED_INCLUDE_IN_FRAMEWORK_HEADER = YES;
				CLANG_WARN_RANGE_LOOP_ANALYSIS = YES;
				CLANG_WARN_STRICT_PROTOTYPES = YES;
				CLANG_WARN_SUSPICIOUS_MOVE = YES;
				CLANG_WARN_UNGUARDED_AVAILABILITY = YES_AGGRESSIVE;
				CLANG_WARN_UNREACHABLE_CODE = YES;
				CLANG_WARN__DUPLICATE_METHOD_MATCH = YES;
				COPY_PHASE_STRIP = NO;
				DEBUG_INFORMATION_FORMAT = dwarf;
				ENABLE_STRICT_OBJC_MSGSEND = YES;
				ENABLE_TESTABILITY = YES;
				ENABLE_USER_SCRIPT_SANDBOXING = NO;
				GCC_C_LANGUAGE_STANDARD = gnu17;
				GCC_DYNAMIC_NO_PIC = NO;
				GCC_NO_COMMON_BLOCKS = YES;
				GCC_OPTIMIZATION_LEVEL = 0;
				GCC_PREPROCESSOR_DEFINITIONS = (
					"DEBUG=1",
					"$(inherited)",
				);
				GCC_WARN_64_TO_32_BIT_CONVERSION = YES;
				GCC_WARN_ABOUT_RETURN_TYPE = YES_ERROR;
				GCC_WARN_UNDECLARED_SELECTOR = YES;
				GCC_WARN_UNINITIALIZED_AUTOS = YES_AGGRESSIVE;
				GCC_WARN_UNUSED_FUNCTION = YES;
				GCC_WARN_UNUSED_VARIABLE = YES;
				IPHONEOS_DEPLOYMENT_TARGET = 17.4;
				LOCALIZATION_PREFERS_STRING_CATALOGS = YES;
				MTL_ENABLE_DEBUG_INFO = INCLUDE_SOURCE;
				MTL_FAST_MATH = YES;
				ONLY_ACTIVE_ARCH = YES;
				SDKROOT = iphoneos;
				SWIFT_ACTIVE_COMPILATION_CONDITIONS = "DEBUG $(inherited)";
				SWIFT_OPTIMIZATION_LEVEL = "-Onone";
			};
			name = Debug;
		};
		1F64FEC02BCC66B400B96BB3 /* Release */ = {
			isa = XCBuildConfiguration;
			buildSettings = {
				ALWAYS_SEARCH_USER_PATHS = NO;
				ASSETCATALOG_COMPILER_GENERATE_SWIFT_ASSET_SYMBOL_EXTENSIONS = YES;
				CLANG_ANALYZER_NONNULL = YES;
				CLANG_ANALYZER_NUMBER_OBJECT_CONVERSION = YES_AGGRESSIVE;
				CLANG_CXX_LANGUAGE_STANDARD = "gnu++20";
				CLANG_ENABLE_MODULES = YES;
				CLANG_ENABLE_OBJC_ARC = YES;
				CLANG_ENABLE_OBJC_WEAK = YES;
				CLANG_WARN_BLOCK_CAPTURE_AUTORELEASING = YES;
				CLANG_WARN_BOOL_CONVERSION = YES;
				CLANG_WARN_COMMA = YES;
				CLANG_WARN_CONSTANT_CONVERSION = YES;
				CLANG_WARN_DEPRECATED_OBJC_IMPLEMENTATIONS = YES;
				CLANG_WARN_DIRECT_OBJC_ISA_USAGE = YES_ERROR;
				CLANG_WARN_DOCUMENTATION_COMMENTS = YES;
				CLANG_WARN_EMPTY_BODY = YES;
				CLANG_WARN_ENUM_CONVERSION = YES;
				CLANG_WARN_INFINITE_RECURSION = YES;
				CLANG_WARN_INT_CONVERSION = YES;
				CLANG_WARN_NON_LITERAL_NULL_CONVERSION = YES;
				CLANG_WARN_OBJC_IMPLICIT_RETAIN_SELF = YES;
				CLANG_WARN_OBJC_LITERAL_CONVERSION = YES;
				CLANG_WARN_OBJC_ROOT_CLASS = YES_ERROR;
				CLANG_WARN_QUOTED_INCLUDE_IN_FRAMEWORK_HEADER = YES;
				CLANG_WARN_RANGE_LOOP_ANALYSIS = YES;
				CLANG_WARN_STRICT_PROTOTYPES = YES;
				CLANG_WARN_SUSPICIOUS_MOVE = YES;
				CLANG_WARN_UNGUARDED_AVAILABILITY = YES_AGGRESSIVE;
				CLANG_WARN_UNREACHABLE_CODE = YES;
				CLANG_WARN__DUPLICATE_METHOD_MATCH = YES;
				COPY_PHASE_STRIP = NO;
				DEBUG_INFORMATION_FORMAT = "dwarf-with-dsym";
				ENABLE_NS_ASSERTIONS = NO;
				ENABLE_STRICT_OBJC_MSGSEND = YES;
				ENABLE_USER_SCRIPT_SANDBOXING = NO;
				GCC_C_LANGUAGE_STANDARD = gnu17;
				GCC_NO_COMMON_BLOCKS = YES;
				GCC_WARN_64_TO_32_BIT_CONVERSION = YES;
				GCC_WARN_ABOUT_RETURN_TYPE = YES_ERROR;
				GCC_WARN_UNDECLARED_SELECTOR = YES;
				GCC_WARN_UNINITIALIZED_AUTOS = YES_AGGRESSIVE;
				GCC_WARN_UNUSED_FUNCTION = YES;
				GCC_WARN_UNUSED_VARIABLE = YES;
				IPHONEOS_DEPLOYMENT_TARGET = 17.4;
				LOCALIZATION_PREFERS_STRING_CATALOGS = YES;
				MTL_ENABLE_DEBUG_INFO = NO;
				MTL_FAST_MATH = YES;
				SDKROOT = iphoneos;
				SWIFT_COMPILATION_MODE = wholemodule;
				VALIDATE_PRODUCT = YES;
			};
			name = Release;
		};
		1F64FEC22BCC66B400B96BB3 /* Debug */ = {
			isa = XCBuildConfiguration;
			baseConfigurationReference = 9490B79BCA71BA04AD717D4A /* Pods-Bir Esnaf MVVM.debug.xcconfig */;
			buildSettings = {
				ASSETCATALOG_COMPILER_APPICON_NAME = AppIcon;
				ASSETCATALOG_COMPILER_GLOBAL_ACCENT_COLOR_NAME = AccentColor;
				CODE_SIGN_STYLE = Automatic;
				CURRENT_PROJECT_VERSION = 1;
				DEVELOPMENT_TEAM = CG2DGVAM4V;
				GENERATE_INFOPLIST_FILE = YES;
				INFOPLIST_FILE = "Bir Esnaf MVVM/Info.plist";
				INFOPLIST_KEY_UIApplicationSupportsIndirectInputEvents = YES;
				INFOPLIST_KEY_UILaunchStoryboardName = LaunchScreen;
				INFOPLIST_KEY_UISupportedInterfaceOrientations_iPad = "UIInterfaceOrientationPortrait UIInterfaceOrientationPortraitUpsideDown UIInterfaceOrientationLandscapeLeft UIInterfaceOrientationLandscapeRight";
				INFOPLIST_KEY_UISupportedInterfaceOrientations_iPhone = "UIInterfaceOrientationPortrait UIInterfaceOrientationLandscapeLeft UIInterfaceOrientationLandscapeRight";
				LD_RUNPATH_SEARCH_PATHS = (
					"$(inherited)",
					"@executable_path/Frameworks",
				);
				MARKETING_VERSION = 1.0;
				PRODUCT_BUNDLE_IDENTIFIER = "seymaArslan.Bir-Esnaf-MVVM";
				PRODUCT_NAME = "$(TARGET_NAME)";
				SUPPORTED_PLATFORMS = "iphoneos iphonesimulator";
				SUPPORTS_MACCATALYST = NO;
				SUPPORTS_MAC_DESIGNED_FOR_IPHONE_IPAD = NO;
				SUPPORTS_XR_DESIGNED_FOR_IPHONE_IPAD = NO;
				SWIFT_EMIT_LOC_STRINGS = YES;
				SWIFT_VERSION = 5.0;
				TARGETED_DEVICE_FAMILY = 1;
			};
			name = Debug;
		};
		1F64FEC32BCC66B400B96BB3 /* Release */ = {
			isa = XCBuildConfiguration;
			baseConfigurationReference = D00AC870DBA2CAC1D20476D5 /* Pods-Bir Esnaf MVVM.release.xcconfig */;
			buildSettings = {
				ASSETCATALOG_COMPILER_APPICON_NAME = AppIcon;
				ASSETCATALOG_COMPILER_GLOBAL_ACCENT_COLOR_NAME = AccentColor;
				CODE_SIGN_STYLE = Automatic;
				CURRENT_PROJECT_VERSION = 1;
				DEVELOPMENT_TEAM = CG2DGVAM4V;
				GENERATE_INFOPLIST_FILE = YES;
				INFOPLIST_FILE = "Bir Esnaf MVVM/Info.plist";
				INFOPLIST_KEY_UIApplicationSupportsIndirectInputEvents = YES;
				INFOPLIST_KEY_UILaunchStoryboardName = LaunchScreen;
				INFOPLIST_KEY_UISupportedInterfaceOrientations_iPad = "UIInterfaceOrientationPortrait UIInterfaceOrientationPortraitUpsideDown UIInterfaceOrientationLandscapeLeft UIInterfaceOrientationLandscapeRight";
				INFOPLIST_KEY_UISupportedInterfaceOrientations_iPhone = "UIInterfaceOrientationPortrait UIInterfaceOrientationLandscapeLeft UIInterfaceOrientationLandscapeRight";
				LD_RUNPATH_SEARCH_PATHS = (
					"$(inherited)",
					"@executable_path/Frameworks",
				);
				MARKETING_VERSION = 1.0;
				PRODUCT_BUNDLE_IDENTIFIER = "seymaArslan.Bir-Esnaf-MVVM";
				PRODUCT_NAME = "$(TARGET_NAME)";
				SUPPORTED_PLATFORMS = "iphoneos iphonesimulator";
				SUPPORTS_MACCATALYST = NO;
				SUPPORTS_MAC_DESIGNED_FOR_IPHONE_IPAD = NO;
				SUPPORTS_XR_DESIGNED_FOR_IPHONE_IPAD = NO;
				SWIFT_EMIT_LOC_STRINGS = YES;
				SWIFT_VERSION = 5.0;
				TARGETED_DEVICE_FAMILY = 1;
			};
			name = Release;
		};
/* End XCBuildConfiguration section */

/* Begin XCConfigurationList section */
		1F64FEA82BCC66B300B96BB3 /* Build configuration list for PBXProject "Bir Esnaf MVVM" */ = {
			isa = XCConfigurationList;
			buildConfigurations = (
				1F64FEBF2BCC66B400B96BB3 /* Debug */,
				1F64FEC02BCC66B400B96BB3 /* Release */,
			);
			defaultConfigurationIsVisible = 0;
			defaultConfigurationName = Release;
		};
		1F64FEC12BCC66B400B96BB3 /* Build configuration list for PBXNativeTarget "Bir Esnaf MVVM" */ = {
			isa = XCConfigurationList;
			buildConfigurations = (
				1F64FEC22BCC66B400B96BB3 /* Debug */,
				1F64FEC32BCC66B400B96BB3 /* Release */,
			);
			defaultConfigurationIsVisible = 0;
			defaultConfigurationName = Release;
		};
/* End XCConfigurationList section */

/* Begin XCRemoteSwiftPackageReference section */
		1F64FEC42BCC68ED00B96BB3 /* XCRemoteSwiftPackageReference "Alamofire" */ = {
			isa = XCRemoteSwiftPackageReference;
			repositoryURL = "https://github.com/Alamofire/Alamofire";
			requirement = {
				kind = upToNextMajorVersion;
				minimumVersion = 5.9.1;
			};
		};
/* End XCRemoteSwiftPackageReference section */

/* Begin XCSwiftPackageProductDependency section */
		1F64FEC52BCC68ED00B96BB3 /* Alamofire */ = {
			isa = XCSwiftPackageProductDependency;
			package = 1F64FEC42BCC68ED00B96BB3 /* XCRemoteSwiftPackageReference "Alamofire" */;
			productName = Alamofire;
		};
/* End XCSwiftPackageProductDependency section */
	};
	rootObject = 1F64FEA52BCC66B300B96BB3 /* Project object */;
}
